
Microsoft Visual Studio Solution File, Format Version 12.00
# Visual Studio Version 16
VisualStudioVersion = 16.0.31911.196
MinimumVisualStudioVersion = 10.0.40219.1
Project("{8BC9CEB8-8B4A-11D0-8D11-00A0C91BC942}") = "c++_odbc_sample", "c++_odbc_sample.vcxproj", "{C7B00877-3903-4B61-81F8-DC3DD38E4F98}"
EndProject
Global
	GlobalSection(SolutionConfigurationPlatforms) = preSolution
		Debug|x64 = Debug|x64
		Debug|x86 = Debug|x86
		Release|x64 = Release|x64
		Release|x86 = Release|x86
	EndGlobalSection
	GlobalSection(ProjectConfigurationPlatforms) = postSolution
		{C7B00877-3903-4B61-81F8-DC3DD38E4F98}.Debug|x64.ActiveCfg = Debug|x64
		{C7B00877-3903-4B61-81F8-DC3DD38E4F98}.Debug|x64.Build.0 = Debug|x64
		{C7B00877-3903-4B61-81F8-DC3DD38E4F98}.Debug|x86.ActiveCfg = Debug|Win32
		{C7B00877-3903-4B61-81F8-DC3DD38E4F98}.Debug|x86.Build.0 = Debug|Win32
		{C7B00877-3903-4B61-81F8-DC3DD38E4F98}.Release|x64.ActiveCfg = Release|x64
		{C7B00877-3903-4B61-81F8-DC3DD38E4F98}.Release|x64.Build.0 = Release|x64
		{C7B00877-3903-4B61-81F8-DC3DD38E4F98}.Release|x86.ActiveCfg = Release|Win32
		{C7B00877-3903-4B61-81F8-DC3DD38E4F98}.Release|x86.Build.0 = Release|Win32
	EndGlobalSection
	GlobalSection(SolutionProperties) = preSolution
		HideSolutionNode = FALSE
	EndGlobalSection
	GlobalSection(ExtensibilityGlobals) = postSolution
		SolutionGuid = {7E445B8E-F89F-4013-85EC-00D9C2512048}
	EndGlobalSection
EndGlobal
